
Microsoft Visual Studio Solution File, Format Version 12.00
# Visual Studio Version 16
VisualStudioVersion = 16.0.30611.23
MinimumVisualStudioVersion = 10.0.40219.1
Project("{FAE04EC0-301F-11D3-BF4B-00C04F79EFBC}") = "ContactApplication", "ContactApplication\ContactApplication.csproj", "{81D75FCD-1B64-43AD-ABD0-7E0AACDC15B4}"
EndProject
Global
	GlobalSection(SolutionConfigurationPlatforms) = preSolution
		Debug|Any CPU = Debug|Any CPU
		Release|Any CPU = Release|Any CPU
	EndGlobalSection
	GlobalSection(ProjectConfigurationPlatforms) = postSolution
		{81D75FCD-1B64-43AD-ABD0-7E0AACDC15B4}.Debug|Any CPU.ActiveCfg = Debug|Any CPU
		{81D75FCD-1B64-43AD-ABD0-7E0AACDC15B4}.Debug|Any CPU.Build.0 = Debug|Any CPU
		{81D75FCD-1B64-43AD-ABD0-7E0AACDC15B4}.Release|Any CPU.ActiveCfg = Release|Any CPU
		{81D75FCD-1B64-43AD-ABD0-7E0AACDC15B4}.Release|Any CPU.Build.0 = Release|Any CPU
	EndGlobalSection
	GlobalSection(SolutionProperties) = preSolution
		HideSolutionNode = FALSE
	EndGlobalSection
	GlobalSection(ExtensibilityGlobals) = postSolution
		SolutionGuid = {8C360997-DFE9-46DF-A66D-D0E3B4DAB5F9}
	EndGlobalSection
EndGlobal
